
Microsoft Visual Studio Solution File, Format Version 12.00
# Visual Studio Version 17
VisualStudioVersion = 17.1.32421.90
MinimumVisualStudioVersion = 10.0.40219.1
Project("{FAE04EC0-301F-11D3-BF4B-00C04F79EFBC}") = "FlowApp", "FlowApp\FlowApp.csproj", "{A3302174-870F-49C1-A5E4-5A7F8145A611}"
EndProject
Global
	GlobalSection(SolutionConfigurationPlatforms) = preSolution
		Debug|Any CPU = Debug|Any CPU
		Release|Any CPU = Release|Any CPU
	EndGlobalSection
	GlobalSection(ProjectConfigurationPlatforms) = postSolution
		{A3302174-870F-49C1-A5E4-5A7F8145A611}.Debug|Any CPU.ActiveCfg = Debug|Any CPU
		{A3302174-870F-49C1-A5E4-5A7F8145A611}.Debug|Any CPU.Build.0 = Debug|Any CPU
		{A3302174-870F-49C1-A5E4-5A7F8145A611}.Release|Any CPU.ActiveCfg = Release|Any CPU
		{A3302174-870F-49C1-A5E4-5A7F8145A611}.Release|Any CPU.Build.0 = Release|Any CPU
	EndGlobalSection
	GlobalSection(SolutionProperties) = preSolution
		HideSolutionNode = FALSE
	EndGlobalSection
	GlobalSection(ExtensibilityGlobals) = postSolution
		SolutionGuid = {40FEA490-0686-4E62-BAF5-A5DC2611EFE5}
	EndGlobalSection
EndGlobal
